
Microsoft Visual Studio Solution File, Format Version 11.00
# Visual Studio 2010
Project("{FAE04EC0-301F-11D3-BF4B-00C04F79EFBC}") = "Pinist Mobile", "Assembly-CSharp.csproj", "{D870B184-24E2-00DA-25B8-680A907801AA}"
EndProject
Project("{FAE04EC0-301F-11D3-BF4B-00C04F79EFBC}") = "Pinist Mobile", "Assembly-CSharp-Editor.csproj", "{5F4AF32F-46F4-68F9-6817-E06ECBD2D249}"
EndProject
Global
	GlobalSection(SolutionConfigurationPlatforms) = preSolution
		Debug|Any CPU = Debug|Any CPU
		Release|Any CPU = Release|Any CPU
	EndGlobalSection
	GlobalSection(ProjectConfigurationPlatforms) = postSolution
		{D870B184-24E2-00DA-25B8-680A907801AA}.Debug|Any CPU.ActiveCfg = Debug|Any CPU
		{D870B184-24E2-00DA-25B8-680A907801AA}.Debug|Any CPU.Build.0 = Debug|Any CPU
		{D870B184-24E2-00DA-25B8-680A907801AA}.Release|Any CPU.ActiveCfg = Release|Any CPU
		{D870B184-24E2-00DA-25B8-680A907801AA}.Release|Any CPU.Build.0 = Release|Any CPU
		{5F4AF32F-46F4-68F9-6817-E06ECBD2D249}.Debug|Any CPU.ActiveCfg = Debug|Any CPU
		{5F4AF32F-46F4-68F9-6817-E06ECBD2D249}.Debug|Any CPU.Build.0 = Debug|Any CPU
		{5F4AF32F-46F4-68F9-6817-E06ECBD2D249}.Release|Any CPU.ActiveCfg = Release|Any CPU
		{5F4AF32F-46F4-68F9-6817-E06ECBD2D249}.Release|Any CPU.Build.0 = Release|Any CPU
	EndGlobalSection
	GlobalSection(SolutionProperties) = preSolution
		HideSolutionNode = FALSE
	EndGlobalSection
	GlobalSection(MonoDevelopProperties) = preSolution
		StartupItem = Assembly-CSharp.csproj
	EndGlobalSection
EndGlobal
